<?xml version="1.0" encoding="utf-8"?>
<Project ToolsVersion="4.0" xmlns="http://schemas.microsoft.com/developer/msbuild/2003">
  <ItemGroup>
    <ClCompile Include="Color.cpp">
      <Filter>Engine\Tools</Filter>
    </ClCompile>
    <ClCompile Include="Timer.cpp">
      <Filter>Engine\Tools</Filter>
    </ClCompile>
    <ClCompile Include="Application.cpp">
      <Filter>Engine\Based</Filter>
    </ClCompile>
    <ClCompile Include="Main.cpp">
      <Filter>Engine\Based</Filter>
    </ClCompile>
    <ClCompile Include="log.cpp">
      <Filter>Engine\Tools</Filter>
    </ClCompile>
    <ClCompile Include="glmath.cpp">
      <Filter>Engine</Filter>
    </ClCompile>
    <ClCompile Include="Light.cpp">
      <Filter>Engine</Filter>
    </ClCompile>
    <ClCompile Include="Primitive.cpp">
      <Filter>Engine</Filter>
    </ClCompile>
    <ClCompile Include="External\ImGui\imgui.cpp">
      <Filter>Engine\ImGui</Filter>
    </ClCompile>
    <ClCompile Include="External\ImGui\imgui_demo.cpp">
      <Filter>Engine\ImGui</Filter>
    </ClCompile>
    <ClCompile Include="External\ImGui\imgui_draw.cpp">
      <Filter>Engine\ImGui</Filter>
    </ClCompile>
    <ClCompile Include="External\ImGui\imgui_widgets.cpp">
      <Filter>Engine\ImGui</Filter>
    </ClCompile>
    <ClCompile Include="External\ImGui\imgui_impl_opengl3.cpp">
      <Filter>Engine\ImGui\impl</Filter>
    </ClCompile>
    <ClCompile Include="External\ImGui\imgui_impl_sdl.cpp">
      <Filter>Engine\ImGui\impl</Filter>
    </ClCompile>
    <ClCompile Include="External\ImGui\misc\cpp\imgui_stdlib.cpp">
      <Filter>Engine\ImGui\misc\cpp</Filter>
    </ClCompile>
    <ClCompile Include="UI_MainMenu.cpp">
      <Filter>Engine\UI_Windows</Filter>
    </ClCompile>
    <ClCompile Include="UI_Console.cpp">
      <Filter>Engine\UI_Windows</Filter>
    </ClCompile>
    <ClCompile Include="UI_Topbar.cpp">
      <Filter>Engine\UI_Windows</Filter>
    </ClCompile>
    <ClCompile Include="UI_Scene.cpp">
      <Filter>Engine\UI_Windows</Filter>
    </ClCompile>
    <ClCompile Include="Camera3D.cpp">
      <Filter>Engine\Modules</Filter>
    </ClCompile>
    <ClCompile Include="GUI.cpp">
      <Filter>Engine\Modules</Filter>
    </ClCompile>
    <ClCompile Include="UI.cpp">
      <Filter>Engine\Tools</Filter>
    </ClCompile>
    <ClCompile Include="Input.cpp">
      <Filter>Engine\Modules</Filter>
    </ClCompile>
    <ClCompile Include="Renderer3D.cpp">
      <Filter>Engine\Modules</Filter>
    </ClCompile>
    <ClCompile Include="Window.cpp">
      <Filter>Engine\Modules</Filter>
    </ClCompile>
    <ClCompile Include="Mesh.cpp">
      <Filter>Engine\Tools</Filter>
    </ClCompile>
    <ClCompile Include="UI_GameObjects.cpp">
      <Filter>Engine\UI_Windows</Filter>
    </ClCompile>
    <ClCompile Include="ObjectManager.cpp">
      <Filter>Engine\Modules</Filter>
    </ClCompile>
    <ClCompile Include="UI_GameObject.cpp">
      <Filter>Engine\UI_Windows</Filter>
    </ClCompile>
    <ClCompile Include="GameObject.cpp">
      <Filter>Engine\Tools</Filter>
    </ClCompile>
  </ItemGroup>
  <ItemGroup>
    <ClInclude Include="Module.h">
      <Filter>Engine\Modules</Filter>
    </ClInclude>
    <ClInclude Include="Color.h">
      <Filter>Engine\Tools</Filter>
    </ClInclude>
    <ClInclude Include="Timer.h">
      <Filter>Engine\Tools</Filter>
    </ClInclude>
    <ClInclude Include="Application.h">
      <Filter>Engine\Based</Filter>
    </ClInclude>
    <ClInclude Include="Globals.h">
      <Filter>Engine\Based</Filter>
    </ClInclude>
    <ClInclude Include="glmath.h">
      <Filter>Engine</Filter>
    </ClInclude>
    <ClInclude Include="Light.h">
      <Filter>Engine</Filter>
    </ClInclude>
    <ClInclude Include="Primitive.h">
      <Filter>Engine</Filter>
    </ClInclude>
    <ClInclude Include="External\ImGui\imgui.h">
      <Filter>Engine\ImGui</Filter>
    </ClInclude>
    <ClInclude Include="External\ImGui\imgui_internal.h">
      <Filter>Engine\ImGui</Filter>
    </ClInclude>
    <ClInclude Include="External\ImGui\imstb_rectpack.h">
      <Filter>Engine\ImGui</Filter>
    </ClInclude>
    <ClInclude Include="External\ImGui\imstb_textedit.h">
      <Filter>Engine\ImGui</Filter>
    </ClInclude>
    <ClInclude Include="External\ImGui\imstb_truetype.h">
      <Filter>Engine\ImGui</Filter>
    </ClInclude>
    <ClInclude Include="External\ImGui\imgui_impl_opengl3.h">
      <Filter>Engine\ImGui\impl</Filter>
    </ClInclude>
    <ClInclude Include="External\ImGui\imgui_impl_sdl.h">
      <Filter>Engine\ImGui\impl</Filter>
    </ClInclude>
    <ClInclude Include="External\ImGui\imconfig.h">
      <Filter>Engine\ImGui</Filter>
    </ClInclude>
    <ClInclude Include="External\ImGui\misc\cpp\imgui_stdlib.h">
      <Filter>Engine\ImGui\misc\cpp</Filter>
    </ClInclude>
    <ClInclude Include="Assimp.h">
      <Filter>Engine\Tools</Filter>
    </ClInclude>
    <ClInclude Include="UI_MainMenu.h">
      <Filter>Engine\UI_Windows</Filter>
    </ClInclude>
    <ClInclude Include="UI_Console.h">
      <Filter>Engine\UI_Windows</Filter>
    </ClInclude>
    <ClInclude Include="UI_Topbar.h">
      <Filter>Engine\UI_Windows</Filter>
    </ClInclude>
    <ClInclude Include="UI_Scene.h">
      <Filter>Engine\UI_Windows</Filter>
    </ClInclude>
    <ClInclude Include="Camera3D.h">
      <Filter>Engine\Modules</Filter>
    </ClInclude>
    <ClInclude Include="GUI.h">
      <Filter>Engine\Modules</Filter>
    </ClInclude>
    <ClInclude Include="UI.h">
      <Filter>Engine\Tools</Filter>
    </ClInclude>
    <ClInclude Include="Input.h">
      <Filter>Engine\Modules</Filter>
    </ClInclude>
    <ClInclude Include="Renderer3D.h">
      <Filter>Engine\Modules</Filter>
    </ClInclude>
    <ClInclude Include="Window.h">
      <Filter>Engine\Modules</Filter>
    </ClInclude>
    <ClInclude Include="Mesh.h">
      <Filter>Engine\Tools</Filter>
    </ClInclude>
    <ClInclude Include="UI_GameObjects.h">
      <Filter>Engine\UI_Windows</Filter>
    </ClInclude>
    <ClInclude Include="GameObject.h">
      <Filter>Engine\Tools</Filter>
    </ClInclude>
    <ClInclude Include="ObjectManager.h">
      <Filter>Engine\Modules</Filter>
    </ClInclude>
    <ClInclude Include="UI_GameObject.h">
      <Filter>Engine\UI_Windows</Filter>
    </ClInclude>
    <ClInclude Include="TextureLoader.h">
      <Filter>Engine\Tools</Filter>
    </ClInclude>
    <ClInclude Include="Tree.h">
      <Filter>Engine\Tools</Filter>
    </ClInclude>
  </ItemGroup>
  <ItemGroup>
    <Filter Include="Engine">
      <UniqueIdentifier>{d2a9f576-31d7-4580-8040-6ffa27f5896e}</UniqueIdentifier>
    </Filter>
    <Filter Include="Engine\Modules">
      <UniqueIdentifier>{dc6751ca-1a84-44a8-9865-e82fee61793e}</UniqueIdentifier>
    </Filter>
    <Filter Include="Engine\Based">
      <UniqueIdentifier>{6734eb3b-894d-45c6-910f-f999ba2cbdf1}</UniqueIdentifier>
    </Filter>
    <Filter Include="Engine\Tools">
      <UniqueIdentifier>{0c1ecca8-671a-4fab-bd90-2d84ae29c686}</UniqueIdentifier>
    </Filter>
    <Filter Include="Engine\ImGui">
      <UniqueIdentifier>{b148fc02-87b1-4b5f-b329-00dcfc5d4aae}</UniqueIdentifier>
    </Filter>
    <Filter Include="Engine\ImGui\impl">
      <UniqueIdentifier>{edd1c75a-a277-4099-8e7f-9eaa5fc788aa}</UniqueIdentifier>
    </Filter>
    <Filter Include="Engine\ImGui\misc">
      <UniqueIdentifier>{a6cd51d8-f033-4544-918d-629e3f375690}</UniqueIdentifier>
    </Filter>
    <Filter Include="Engine\ImGui\misc\cpp">
      <UniqueIdentifier>{9db9f6b6-de0c-4d74-8314-dd192a0fb6d8}</UniqueIdentifier>
    </Filter>
    <Filter Include="Engine\UI_Windows">
      <UniqueIdentifier>{a9ebfe37-0889-44fa-bcb7-9661173b689e}</UniqueIdentifier>
    </Filter>
  </ItemGroup>
</Project>