<?xml version="1.0" encoding="utf-8"?>
<Project ToolsVersion="4.0" xmlns="http://schemas.microsoft.com/developer/msbuild/2003">
  <ItemGroup>
    <ClCompile Include="ModuleAudio.cpp">
      <Filter>Engine\Modules</Filter>
    </ClCompile>
    <ClCompile Include="ModuleCamera3D.cpp">
      <Filter>Engine\Modules</Filter>
    </ClCompile>
    <ClCompile Include="ModuleInput.cpp">
      <Filter>Engine\Modules</Filter>
    </ClCompile>
    <ClCompile Include="ModuleRenderer3D.cpp">
      <Filter>Engine\Modules</Filter>
    </ClCompile>
    <ClCompile Include="ModuleSceneIntro.cpp">
      <Filter>Engine\Modules</Filter>
    </ClCompile>
    <ClCompile Include="ModuleWindow.cpp">
      <Filter>Engine\Modules</Filter>
    </ClCompile>
    <ClCompile Include="Color.cpp">
      <Filter>Engine\Tools</Filter>
    </ClCompile>
    <ClCompile Include="Timer.cpp">
      <Filter>Engine\Tools</Filter>
    </ClCompile>
    <ClCompile Include="Application.cpp">
      <Filter>Engine\Based</Filter>
    </ClCompile>
    <ClCompile Include="Main.cpp">
      <Filter>Engine\Based</Filter>
    </ClCompile>
    <ClCompile Include="log.cpp">
      <Filter>Engine\Tools</Filter>
    </ClCompile>
    <ClCompile Include="glmath.cpp">
      <Filter>Engine</Filter>
    </ClCompile>
    <ClCompile Include="Light.cpp">
      <Filter>Engine</Filter>
    </ClCompile>
    <ClCompile Include="Primitive.cpp">
      <Filter>Engine</Filter>
    </ClCompile>
    <ClCompile Include="imgui.cpp">
      <Filter>Engine\Imgui</Filter>
    </ClCompile>
    <ClCompile Include="imgui_demo.cpp">
      <Filter>Engine\Imgui</Filter>
    </ClCompile>
    <ClCompile Include="imgui_draw.cpp">
      <Filter>Engine\Imgui</Filter>
    </ClCompile>
    <ClCompile Include="imgui_widgets.cpp">
      <Filter>Engine\Imgui</Filter>
    </ClCompile>
  </ItemGroup>
  <ItemGroup>
    <ClInclude Include="Module.h">
      <Filter>Engine\Modules</Filter>
    </ClInclude>
    <ClInclude Include="ModuleAudio.h">
      <Filter>Engine\Modules</Filter>
    </ClInclude>
    <ClInclude Include="ModuleCamera3D.h">
      <Filter>Engine\Modules</Filter>
    </ClInclude>
    <ClInclude Include="ModuleInput.h">
      <Filter>Engine\Modules</Filter>
    </ClInclude>
    <ClInclude Include="ModuleRenderer3D.h">
      <Filter>Engine\Modules</Filter>
    </ClInclude>
    <ClInclude Include="ModuleSceneIntro.h">
      <Filter>Engine\Modules</Filter>
    </ClInclude>
    <ClInclude Include="ModuleWindow.h">
      <Filter>Engine\Modules</Filter>
    </ClInclude>
    <ClInclude Include="Color.h">
      <Filter>Engine\Tools</Filter>
    </ClInclude>
    <ClInclude Include="p2DynArray.h">
      <Filter>Engine\Tools</Filter>
    </ClInclude>
    <ClInclude Include="p2List.h">
      <Filter>Engine\Tools</Filter>
    </ClInclude>
    <ClInclude Include="p2Point.h">
      <Filter>Engine\Tools</Filter>
    </ClInclude>
    <ClInclude Include="Timer.h">
      <Filter>Engine\Tools</Filter>
    </ClInclude>
    <ClInclude Include="Application.h">
      <Filter>Engine\Based</Filter>
    </ClInclude>
    <ClInclude Include="Globals.h">
      <Filter>Engine\Based</Filter>
    </ClInclude>
    <ClInclude Include="glmath.h">
      <Filter>Engine</Filter>
    </ClInclude>
    <ClInclude Include="Light.h">
      <Filter>Engine</Filter>
    </ClInclude>
    <ClInclude Include="Primitive.h">
      <Filter>Engine</Filter>
    </ClInclude>
    <ClInclude Include="imconfig.h">
      <Filter>Engine\Imgui</Filter>
    </ClInclude>
    <ClInclude Include="imgui.h">
      <Filter>Engine\Imgui</Filter>
    </ClInclude>
    <ClInclude Include="imgui_internal.h">
      <Filter>Engine\Imgui</Filter>
    </ClInclude>
    <ClInclude Include="imstb_rectpack.h">
      <Filter>Engine\Imgui</Filter>
    </ClInclude>
    <ClInclude Include="imstb_textedit.h">
      <Filter>Engine\Imgui</Filter>
    </ClInclude>
    <ClInclude Include="imstb_truetype.h">
      <Filter>Engine\Imgui</Filter>
    </ClInclude>
  </ItemGroup>
  <ItemGroup>
    <Filter Include="Engine">
      <UniqueIdentifier>{d2a9f576-31d7-4580-8040-6ffa27f5896e}</UniqueIdentifier>
    </Filter>
    <Filter Include="Engine\Modules">
      <UniqueIdentifier>{dc6751ca-1a84-44a8-9865-e82fee61793e}</UniqueIdentifier>
    </Filter>
    <Filter Include="Engine\Based">
      <UniqueIdentifier>{6734eb3b-894d-45c6-910f-f999ba2cbdf1}</UniqueIdentifier>
    </Filter>
    <Filter Include="Engine\Tools">
      <UniqueIdentifier>{0c1ecca8-671a-4fab-bd90-2d84ae29c686}</UniqueIdentifier>
    </Filter>
    <Filter Include="Engine\Imgui">
      <UniqueIdentifier>{8e7385c8-c3f6-44eb-a0a2-727feac768ce}</UniqueIdentifier>
    </Filter>
  </ItemGroup>
</Project>